// !$*UTF8*$!
{
	archiveVersion = 1;
	classes = {
	};
	objectVersion = 46;
	objects = {

/* Begin PBXBuildFile section */
		24483E72E0E2F4866DBB5A11 /* libPods.a in Frameworks */ = {isa = PBXBuildFile; fileRef = F1FAE339479BB3B387F7EFE1 /* libPods.a */; };
		EE5BB3581A0939F400445BCB /* main.m in Sources */ = {isa = PBXBuildFile; fileRef = EE5BB3571A0939F400445BCB /* main.m */; };
		EE5BB35B1A0939F400445BCB /* AppDelegate.m in Sources */ = {isa = PBXBuildFile; fileRef = EE5BB35A1A0939F400445BCB /* AppDelegate.m */; };
		EE5BB35E1A0939F400445BCB /* MasterViewController.m in Sources */ = {isa = PBXBuildFile; fileRef = EE5BB35D1A0939F400445BCB /* MasterViewController.m */; };
		EE5BB3661A0939F400445BCB /* Images.xcassets in Resources */ = {isa = PBXBuildFile; fileRef = EE5BB3651A0939F400445BCB /* Images.xcassets */; };
		EE5BB3751A0939F400445BCB /* testTests.m in Sources */ = {isa = PBXBuildFile; fileRef = EE5BB3741A0939F400445BCB /* testTests.m */; };
/* End PBXBuildFile section */

/* Begin PBXContainerItemProxy section */
		EE5BB36F1A0939F400445BCB /* PBXContainerItemProxy */ = {
			isa = PBXContainerItemProxy;
			containerPortal = EE5BB34A1A0939F400445BCB /* Project object */;
			proxyType = 1;
			remoteGlobalIDString = EE5BB3511A0939F400445BCB;
			remoteInfo = test;
		};
/* End PBXContainerItemProxy section */

/* Begin PBXFileReference section */
		655A5E1345D81425FB5FAAA6 /* Pods.release.xcconfig */ = {isa = PBXFileReference; includeInIndex = 1; lastKnownFileType = text.xcconfig; name = Pods.release.xcconfig; path = "Pods/Target Support Files/Pods/Pods.release.xcconfig"; sourceTree = "<group>"; };
		A73C3ED12917F8FECD52F665 /* Pods.debug.xcconfig */ = {isa = PBXFileReference; includeInIndex = 1; lastKnownFileType = text.xcconfig; name = Pods.debug.xcconfig; path = "Pods/Target Support Files/Pods/Pods.debug.xcconfig"; sourceTree = "<group>"; };
		EE5BB3521A0939F400445BCB /* test.app */ = {isa = PBXFileReference; explicitFileType = wrapper.application; includeInIndex = 0; path = test.app; sourceTree = BUILT_PRODUCTS_DIR; };
		EE5BB3561A0939F400445BCB /* Info.plist */ = {isa = PBXFileReference; lastKnownFileType = text.plist.xml; path = Info.plist; sourceTree = "<group>"; };
		EE5BB3571A0939F400445BCB /* main.m */ = {isa = PBXFileReference; lastKnownFileType = sourcecode.c.objc; path = main.m; sourceTree = "<group>"; };
		EE5BB3591A0939F400445BCB /* AppDelegate.h */ = {isa = PBXFileReference; lastKnownFileType = sourcecode.c.h; path = AppDelegate.h; sourceTree = "<group>"; };
		EE5BB35A1A0939F400445BCB /* AppDelegate.m */ = {isa = PBXFileReference; lastKnownFileType = sourcecode.c.objc; path = AppDelegate.m; sourceTree = "<group>"; };
		EE5BB35C1A0939F400445BCB /* MasterViewController.h */ = {isa = PBXFileReference; lastKnownFileType = sourcecode.c.h; path = MasterViewController.h; sourceTree = "<group>"; };
		EE5BB35D1A0939F400445BCB /* MasterViewController.m */ = {isa = PBXFileReference; lastKnownFileType = sourcecode.c.objc; path = MasterViewController.m; sourceTree = "<group>"; };
		EE5BB3651A0939F400445BCB /* Images.xcassets */ = {isa = PBXFileReference; lastKnownFileType = folder.assetcatalog; path = Images.xcassets; sourceTree = "<group>"; };
		EE5BB36E1A0939F400445BCB /* testTests.xctest */ = {isa = PBXFileReference; explicitFileType = wrapper.cfbundle; includeInIndex = 0; path = testTests.xctest; sourceTree = BUILT_PRODUCTS_DIR; };
		EE5BB3731A0939F400445BCB /* Info.plist */ = {isa = PBXFileReference; lastKnownFileType = text.plist.xml; path = Info.plist; sourceTree = "<group>"; };
		EE5BB3741A0939F400445BCB /* testTests.m */ = {isa = PBXFileReference; lastKnownFileType = sourcecode.c.objc; path = testTests.m; sourceTree = "<group>"; };
		F1FAE339479BB3B387F7EFE1 /* libPods.a */ = {isa = PBXFileReference; explicitFileType = archive.ar; includeInIndex = 0; path = libPods.a; sourceTree = BUILT_PRODUCTS_DIR; };
/* End PBXFileReference section */

/* Begin PBXFrameworksBuildPhase section */
		EE5BB34F1A0939F400445BCB /* Frameworks */ = {
			isa = PBXFrameworksBuildPhase;
			buildActionMask = 2147483647;
			files = (
				24483E72E0E2F4866DBB5A11 /* libPods.a in Frameworks */,
			);
			runOnlyForDeploymentPostprocessing = 0;
		};
		EE5BB36B1A0939F400445BCB /* Frameworks */ = {
			isa = PBXFrameworksBuildPhase;
			buildActionMask = 2147483647;
			files = (
			);
			runOnlyForDeploymentPostprocessing = 0;
		};
/* End PBXFrameworksBuildPhase section */

/* Begin PBXGroup section */
		0AE2FC05506AAEAE73B280E4 /* Pods */ = {
			isa = PBXGroup;
			children = (
				A73C3ED12917F8FECD52F665 /* Pods.debug.xcconfig */,
				655A5E1345D81425FB5FAAA6 /* Pods.release.xcconfig */,
			);
			name = Pods;
			sourceTree = "<group>";
		};
		49CF906DF863458CC9914FE3 /* Frameworks */ = {
			isa = PBXGroup;
			children = (
				F1FAE339479BB3B387F7EFE1 /* libPods.a */,
			);
			name = Frameworks;
			sourceTree = "<group>";
		};
		EE5BB3491A0939F400445BCB = {
			isa = PBXGroup;
			children = (
				EE5BB3541A0939F400445BCB /* test */,
				EE5BB3711A0939F400445BCB /* testTests */,
				EE5BB3531A0939F400445BCB /* Products */,
				0AE2FC05506AAEAE73B280E4 /* Pods */,
				49CF906DF863458CC9914FE3 /* Frameworks */,
			);
			sourceTree = "<group>";
		};
		EE5BB3531A0939F400445BCB /* Products */ = {
			isa = PBXGroup;
			children = (
				EE5BB3521A0939F400445BCB /* test.app */,
				EE5BB36E1A0939F400445BCB /* testTests.xctest */,
			);
			name = Products;
			sourceTree = "<group>";
		};
		EE5BB3541A0939F400445BCB /* test */ = {
			isa = PBXGroup;
			children = (
				EE5BB3591A0939F400445BCB /* AppDelegate.h */,
				EE5BB35A1A0939F400445BCB /* AppDelegate.m */,
				EE5BB35C1A0939F400445BCB /* MasterViewController.h */,
				EE5BB35D1A0939F400445BCB /* MasterViewController.m */,
				EE5BB3651A0939F400445BCB /* Images.xcassets */,
				EE5BB3551A0939F400445BCB /* Supporting Files */,
			);
			path = test;
			sourceTree = "<group>";
		};
		EE5BB3551A0939F400445BCB /* Supporting Files */ = {
			isa = PBXGroup;
			children = (
				EE5BB3561A0939F400445BCB /* Info.plist */,
				EE5BB3571A0939F400445BCB /* main.m */,
			);
			name = "Supporting Files";
			sourceTree = "<group>";
		};
		EE5BB3711A0939F400445BCB /* testTests */ = {
			isa = PBXGroup;
			children = (
				EE5BB3741A0939F400445BCB /* testTests.m */,
				EE5BB3721A0939F400445BCB /* Supporting Files */,
			);
			path = testTests;
			sourceTree = "<group>";
		};
		EE5BB3721A0939F400445BCB /* Supporting Files */ = {
			isa = PBXGroup;
			children = (
				EE5BB3731A0939F400445BCB /* Info.plist */,
			);
			name = "Supporting Files";
			sourceTree = "<group>";
		};
/* End PBXGroup section */

/* Begin PBXNativeTarget section */
		EE5BB3511A0939F400445BCB /* test */ = {
			isa = PBXNativeTarget;
			buildConfigurationList = EE5BB3781A0939F400445BCB /* Build configuration list for PBXNativeTarget "test" */;
			buildPhases = (
				ED79D748F3931242DABEF9C9 /* Check Pods Manifest.lock */,
				EE5BB34E1A0939F400445BCB /* Sources */,
				EE5BB34F1A0939F400445BCB /* Frameworks */,
				EE5BB3501A0939F400445BCB /* Resources */,
				5452BBD1BB7F46E61EDE586B /* Copy Pods Resources */,
			);
			buildRules = (
			);
			dependencies = (
			);
			name = test;
			productName = test;
			productReference = EE5BB3521A0939F400445BCB /* test.app */;
			productType = "com.apple.product-type.application";
		};
		EE5BB36D1A0939F400445BCB /* testTests */ = {
			isa = PBXNativeTarget;
			buildConfigurationList = EE5BB37B1A0939F400445BCB /* Build configuration list for PBXNativeTarget "testTests" */;
			buildPhases = (
				EE5BB36A1A0939F400445BCB /* Sources */,
				EE5BB36B1A0939F400445BCB /* Frameworks */,
				EE5BB36C1A0939F400445BCB /* Resources */,
			);
			buildRules = (
			);
			dependencies = (
				EE5BB3701A0939F400445BCB /* PBXTargetDependency */,
			);
			name = testTests;
			productName = testTests;
			productReference = EE5BB36E1A0939F400445BCB /* testTests.xctest */;
			productType = "com.apple.product-type.bundle.unit-test";
		};
/* End PBXNativeTarget section */

/* Begin PBXProject section */
		EE5BB34A1A0939F400445BCB /* Project object */ = {
			isa = PBXProject;
			attributes = {
				LastUpgradeCheck = 0610;
				ORGANIZATIONNAME = "Mathieu Allaire";
				TargetAttributes = {
					EE5BB3511A0939F400445BCB = {
						CreatedOnToolsVersion = 6.1;
					};
					EE5BB36D1A0939F400445BCB = {
						CreatedOnToolsVersion = 6.1;
						TestTargetID = EE5BB3511A0939F400445BCB;
					};
				};
			};
			buildConfigurationList = EE5BB34D1A0939F400445BCB /* Build configuration list for PBXProject "test" */;
			compatibilityVersion = "Xcode 3.2";
			developmentRegion = English;
			hasScannedForEncodings = 0;
			knownRegions = (
				en,
				Base,
			);
			mainGroup = EE5BB3491A0939F400445BCB;
			productRefGroup = EE5BB3531A0939F400445BCB /* Products */;
			projectDirPath = "";
			projectRoot = "";
			targets = (
				EE5BB3511A0939F400445BCB /* test */,
				EE5BB36D1A0939F400445BCB /* testTests */,
			);
		};
/* End PBXProject section */

/* Begin PBXResourcesBuildPhase section */
		EE5BB3501A0939F400445BCB /* Resources */ = {
			isa = PBXResourcesBuildPhase;
			buildActionMask = 2147483647;
			files = (
				EE5BB3661A0939F400445BCB /* Images.xcassets in Resources */,
			);
			runOnlyForDeploymentPostprocessing = 0;
		};
		EE5BB36C1A0939F400445BCB /* Resources */ = {
			isa = PBXResourcesBuildPhase;
			buildActionMask = 2147483647;
			files = (
			);
			runOnlyForDeploymentPostprocessing = 0;
		};
/* End PBXResourcesBuildPhase section */

/* Begin PBXShellScriptBuildPhase section */
		5452BBD1BB7F46E61EDE586B /* Copy Pods Resources */ = {
			isa = PBXShellScriptBuildPhase;
			buildActionMask = 2147483647;
			files = (
			);
			inputPaths = (
			);
			name = "Copy Pods Resources";
			outputPaths = (
			);
			runOnlyForDeploymentPostprocessing = 0;
			shellPath = /bin/sh;
			shellScript = "\"${SRCROOT}/Pods/Target Support Files/Pods/Pods-resources.sh\"\n";
			showEnvVarsInLog = 0;
		};
		ED79D748F3931242DABEF9C9 /* Check Pods Manifest.lock */ = {
			isa = PBXShellScriptBuildPhase;
			buildActionMask = 2147483647;
			files = (
			);
			inputPaths = (
			);
			name = "Check Pods Manifest.lock";
			outputPaths = (
			);
			runOnlyForDeploymentPostprocessing = 0;
			shellPath = /bin/sh;
			shellScript = "diff \"${PODS_ROOT}/../Podfile.lock\" \"${PODS_ROOT}/Manifest.lock\" > /dev/null\nif [[ $? != 0 ]] ; then\n    cat << EOM\nerror: The sandbox is not in sync with the Podfile.lock. Run 'pod install' or update your CocoaPods installation.\nEOM\n    exit 1\nfi\n";
			showEnvVarsInLog = 0;
		};
/* End PBXShellScriptBuildPhase section */

/* Begin PBXSourcesBuildPhase section */
		EE5BB34E1A0939F400445BCB /* Sources */ = {
			isa = PBXSourcesBuildPhase;
			buildActionMask = 2147483647;
			files = (
				EE5BB35B1A0939F400445BCB /* AppDelegate.m in Sources */,
				EE5BB35E1A0939F400445BCB /* MasterViewController.m in Sources */,
				EE5BB3581A0939F400445BCB /* main.m in Sources */,
			);
			runOnlyForDeploymentPostprocessing = 0;
		};
		EE5BB36A1A0939F400445BCB /* Sources */ = {
			isa = PBXSourcesBuildPhase;
			buildActionMask = 2147483647;
			files = (
				EE5BB3751A0939F400445BCB /* testTests.m in Sources */,
			);
			runOnlyForDeploymentPostprocessing = 0;
		};
/* End PBXSourcesBuildPhase section */

/* Begin PBXTargetDependency section */
		EE5BB3701A0939F400445BCB /* PBXTargetDependency */ = {
			isa = PBXTargetDependency;
			target = EE5BB3511A0939F400445BCB /* test */;
			targetProxy = EE5BB36F1A0939F400445BCB /* PBXContainerItemProxy */;
		};
/* End PBXTargetDependency section */

/* Begin XCBuildConfiguration section */
		EE5BB3761A0939F400445BCB /* Debug */ = {
			isa = XCBuildConfiguration;
			buildSettings = {
				ALWAYS_SEARCH_USER_PATHS = NO;
				CLANG_CXX_LANGUAGE_STANDARD = "gnu++0x";
				CLANG_CXX_LIBRARY = "libc++";
				CLANG_ENABLE_MODULES = YES;
				CLANG_ENABLE_OBJC_ARC = YES;
				CLANG_WARN_BOOL_CONVERSION = YES;
				CLANG_WARN_CONSTANT_CONVERSION = YES;
				CLANG_WARN_DIRECT_OBJC_ISA_USAGE = YES_ERROR;
				CLANG_WARN_EMPTY_BODY = YES;
				CLANG_WARN_ENUM_CONVERSION = YES;
				CLANG_WARN_INT_CONVERSION = YES;
				CLANG_WARN_OBJC_ROOT_CLASS = YES_ERROR;
				CLANG_WARN_UNREACHABLE_CODE = YES;
				CLANG_WARN__DUPLICATE_METHOD_MATCH = YES;
				"CODE_SIGN_IDENTITY[sdk=iphoneos*]" = "iPhone Developer";
				COPY_PHASE_STRIP = NO;
				ENABLE_STRICT_OBJC_MSGSEND = YES;
				GCC_C_LANGUAGE_STANDARD = gnu99;
				GCC_DYNAMIC_NO_PIC = NO;
				GCC_OPTIMIZATION_LEVEL = 0;
				GCC_PREPROCESSOR_DEFINITIONS = (
					"DEBUG=1",
					"$(inherited)",
				);
				GCC_SYMBOLS_PRIVATE_EXTERN = NO;
				GCC_WARN_64_TO_32_BIT_CONVERSION = YES;
				GCC_WARN_ABOUT_RETURN_TYPE = YES_ERROR;
				GCC_WARN_UNDECLARED_SELECTOR = YES;
				GCC_WARN_UNINITIALIZED_AUTOS = YES_AGGRESSIVE;
				GCC_WARN_UNUSED_FUNCTION = YES;
				GCC_WARN_UNUSED_VARIABLE = YES;
				IPHONEOS_DEPLOYMENT_TARGET = 8.1;
				MTL_ENABLE_DEBUG_INFO = YES;
				ONLY_ACTIVE_ARCH = YES;
				SDKROOT = iphoneos;
			};
			name = Debug;
		};
		EE5BB3771A0939F400445BCB /* Release */ = {
			isa = XCBuildConfiguration;
			buildSettings = {
				ALWAYS_SEARCH_USER_PATHS = NO;
				CLANG_CXX_LANGUAGE_STANDARD = "gnu++0x";
				CLANG_CXX_LIBRARY = "libc++";
				CLANG_ENABLE_MODULES = YES;
				CLANG_ENABLE_OBJC_ARC = YES;
				CLANG_WARN_BOOL_CONVERSION = YES;
				CLANG_WARN_CONSTANT_CONVERSION = YES;
				CLANG_WARN_DIRECT_OBJC_ISA_USAGE = YES_ERROR;
				CLANG_WARN_EMPTY_BODY = YES;
				CLANG_WARN_ENUM_CONVERSION = YES;
				CLANG_WARN_INT_CONVERSION = YES;
				CLANG_WARN_OBJC_ROOT_CLASS = YES_ERROR;
				CLANG_WARN_UNREACHABLE_CODE = YES;
				CLANG_WARN__DUPLICATE_METHOD_MATCH = YES;
				"CODE_SIGN_IDENTITY[sdk=iphoneos*]" = "iPhone Developer";
				COPY_PHASE_STRIP = YES;
				ENABLE_NS_ASSERTIONS = NO;
				ENABLE_STRICT_OBJC_MSGSEND = YES;
				GCC_C_LANGUAGE_STANDARD = gnu99;
				GCC_WARN_64_TO_32_BIT_CONVERSION = YES;
				GCC_WARN_ABOUT_RETURN_TYPE = YES_ERROR;
				GCC_WARN_UNDECLARED_SELECTOR = YES;
				GCC_WARN_UNINITIALIZED_AUTOS = YES_AGGRESSIVE;
				GCC_WARN_UNUSED_FUNCTION = YES;
				GCC_WARN_UNUSED_VARIABLE = YES;
				IPHONEOS_DEPLOYMENT_TARGET = 8.1;
				MTL_ENABLE_DEBUG_INFO = NO;
				SDKROOT = iphoneos;
				VALIDATE_PRODUCT = YES;
			};
			name = Release;
		};
		EE5BB3791A0939F400445BCB /* Debug */ = {
			isa = XCBuildConfiguration;
			baseConfigurationReference = A73C3ED12917F8FECD52F665 /* Pods.debug.xcconfig */;
			buildSettings = {
				ASSETCATALOG_COMPILER_APPICON_NAME = AppIcon;
				ASSETCATALOG_COMPILER_LAUNCHIMAGE_NAME = LaunchImage;
				INFOPLIST_FILE = test/Info.plist;
				IPHONEOS_DEPLOYMENT_TARGET = 7.1;
				LD_RUNPATH_SEARCH_PATHS = "$(inherited) @executable_path/Frameworks";
				PRODUCT_NAME = "$(TARGET_NAME)";
				SDKROOT = iphoneos;
			};
			name = Debug;
		};
		EE5BB37A1A0939F400445BCB /* Release */ = {
			isa = XCBuildConfiguration;
			baseConfigurationReference = 655A5E1345D81425FB5FAAA6 /* Pods.release.xcconfig */;
			buildSettings = {
				ASSETCATALOG_COMPILER_APPICON_NAME = AppIcon;
				ASSETCATALOG_COMPILER_LAUNCHIMAGE_NAME = LaunchImage;
				INFOPLIST_FILE = test/Info.plist;
				IPHONEOS_DEPLOYMENT_TARGET = 7.1;
				LD_RUNPATH_SEARCH_PATHS = "$(inherited) @executable_path/Frameworks";
				PRODUCT_NAME = "$(TARGET_NAME)";
				SDKROOT = iphoneos;
			};
			name = Release;
		};
		EE5BB37C1A0939F400445BCB /* Debug */ = {
			isa = XCBuildConfiguration;
			buildSettings = {
				BUNDLE_LOADER = "$(TEST_HOST)";
				FRAMEWORK_SEARCH_PATHS = (
					"$(SDKROOT)/Developer/Library/Frameworks",
					"$(inherited)",
				);
				GCC_PREPROCESSOR_DEFINITIONS = (
					"DEBUG=1",
					"$(inherited)",
				);
				INFOPLIST_FILE = testTests/Info.plist;
				LD_RUNPATH_SEARCH_PATHS = "$(inherited) @executable_path/Frameworks @loader_path/Frameworks";
				PRODUCT_NAME = "$(TARGET_NAME)";
				TEST_HOST = "$(BUILT_PRODUCTS_DIR)/test.app/test";
			};
			name = Debug;
		};
		EE5BB37D1A0939F400445BCB /* Release */ = {
			isa = XCBuildConfiguration;
			buildSettings = {
				BUNDLE_LOADER = "$(TEST_HOST)";
				FRAMEWORK_SEARCH_PATHS = (
					"$(SDKROOT)/Developer/Library/Frameworks",
					"$(inherited)",
				);
				INFOPLIST_FILE = testTests/Info.plist;
				LD_RUNPATH_SEARCH_PATHS = "$(inherited) @executable_path/Frameworks @loader_path/Frameworks";
				PRODUCT_NAME = "$(TARGET_NAME)";
				TEST_HOST = "$(BUILT_PRODUCTS_DIR)/test.app/test";
			};
			name = Release;
		};
/* End XCBuildConfiguration section */

/* Begin XCConfigurationList section */
		EE5BB34D1A0939F400445BCB /* Build configuration list for PBXProject "test" */ = {
			isa = XCConfigurationList;
			buildConfigurations = (
				EE5BB3761A0939F400445BCB /* Debug */,
				EE5BB3771A0939F400445BCB /* Release */,
			);
			defaultConfigurationIsVisible = 0;
			defaultConfigurationName = Release;
		};
		EE5BB3781A0939F400445BCB /* Build configuration list for PBXNativeTarget "test" */ = {
			isa = XCConfigurationList;
			buildConfigurations = (
				EE5BB3791A0939F400445BCB /* Debug */,
				EE5BB37A1A0939F400445BCB /* Release */,
			);
			defaultConfigurationIsVisible = 0;
			defaultConfigurationName = Release;
		};
		EE5BB37B1A0939F400445BCB /* Build configuration list for PBXNativeTarget "testTests" */ = {
			isa = XCConfigurationList;
			buildConfigurations = (
				EE5BB37C1A0939F400445BCB /* Debug */,
				EE5BB37D1A0939F400445BCB /* Release */,
			);
			defaultConfigurationIsVisible = 0;
			defaultConfigurationName = Release;
		};
/* End XCConfigurationList section */
	};
	rootObject = EE5BB34A1A0939F400445BCB /* Project object */;
}
